
Microsoft Visual Studio Solution File, Format Version 12.00
# Visual Studio Version 16
VisualStudioVersion = 25.0.1705.0
MinimumVisualStudioVersion = 10.0.40219.1
Project("{FAE04EC0-301F-11D3-BF4B-00C04F79EFBC}") = "Meldpunt.Android", "Meldpunt\Meldpunt.Android\Meldpunt.Android.csproj", "{F62A5869-CA5D-462B-B6D2-D8D282F090F8}"
EndProject
Project("{FAE04EC0-301F-11D3-BF4B-00C04F79EFBC}") = "Meldpunt.iOS", "Meldpunt\Meldpunt.iOS\Meldpunt.iOS.csproj", "{D504F9A1-CF3C-41A3-AC45-1B616B55CE26}"
EndProject
Project("{FAE04EC0-301F-11D3-BF4B-00C04F79EFBC}") = "Meldpunt", "Meldpunt\Meldpunt\Meldpunt.csproj", "{506DED8A-8147-4821-A969-864E231D2F52}"
EndProject
Global
	GlobalSection(SolutionConfigurationPlatforms) = preSolution
		Debug|Any CPU = Debug|Any CPU
		Release|Any CPU = Release|Any CPU
		Debug|iPhoneSimulator = Debug|iPhoneSimulator
		Release|iPhoneSimulator = Release|iPhoneSimulator
		Debug|iPhone = Debug|iPhone
		Release|iPhone = Release|iPhone
	EndGlobalSection
	GlobalSection(ProjectConfigurationPlatforms) = postSolution
		{F62A5869-CA5D-462B-B6D2-D8D282F090F8}.Debug|Any CPU.ActiveCfg = Debug|Any CPU
		{F62A5869-CA5D-462B-B6D2-D8D282F090F8}.Debug|Any CPU.Build.0 = Debug|Any CPU
		{F62A5869-CA5D-462B-B6D2-D8D282F090F8}.Release|Any CPU.ActiveCfg = Release|Any CPU
		{F62A5869-CA5D-462B-B6D2-D8D282F090F8}.Release|Any CPU.Build.0 = Release|Any CPU
		{F62A5869-CA5D-462B-B6D2-D8D282F090F8}.Debug|iPhoneSimulator.ActiveCfg = Debug|Any CPU
		{F62A5869-CA5D-462B-B6D2-D8D282F090F8}.Debug|iPhoneSimulator.Build.0 = Debug|Any CPU
		{F62A5869-CA5D-462B-B6D2-D8D282F090F8}.Release|iPhoneSimulator.ActiveCfg = Release|Any CPU
		{F62A5869-CA5D-462B-B6D2-D8D282F090F8}.Release|iPhoneSimulator.Build.0 = Release|Any CPU
		{F62A5869-CA5D-462B-B6D2-D8D282F090F8}.Debug|iPhone.ActiveCfg = Debug|Any CPU
		{F62A5869-CA5D-462B-B6D2-D8D282F090F8}.Debug|iPhone.Build.0 = Debug|Any CPU
		{F62A5869-CA5D-462B-B6D2-D8D282F090F8}.Release|iPhone.ActiveCfg = Release|Any CPU
		{F62A5869-CA5D-462B-B6D2-D8D282F090F8}.Release|iPhone.Build.0 = Release|Any CPU
		{D504F9A1-CF3C-41A3-AC45-1B616B55CE26}.Debug|Any CPU.ActiveCfg = Debug|iPhoneSimulator
		{D504F9A1-CF3C-41A3-AC45-1B616B55CE26}.Debug|Any CPU.Build.0 = Debug|iPhoneSimulator
		{D504F9A1-CF3C-41A3-AC45-1B616B55CE26}.Release|Any CPU.ActiveCfg = Release|iPhoneSimulator
		{D504F9A1-CF3C-41A3-AC45-1B616B55CE26}.Release|Any CPU.Build.0 = Release|iPhoneSimulator
		{D504F9A1-CF3C-41A3-AC45-1B616B55CE26}.Debug|iPhoneSimulator.ActiveCfg = Debug|iPhoneSimulator
		{D504F9A1-CF3C-41A3-AC45-1B616B55CE26}.Debug|iPhoneSimulator.Build.0 = Debug|iPhoneSimulator
		{D504F9A1-CF3C-41A3-AC45-1B616B55CE26}.Release|iPhoneSimulator.ActiveCfg = Release|iPhoneSimulator
		{D504F9A1-CF3C-41A3-AC45-1B616B55CE26}.Release|iPhoneSimulator.Build.0 = Release|iPhoneSimulator
		{D504F9A1-CF3C-41A3-AC45-1B616B55CE26}.Debug|iPhone.ActiveCfg = Debug|iPhone
		{D504F9A1-CF3C-41A3-AC45-1B616B55CE26}.Debug|iPhone.Build.0 = Debug|iPhone
		{D504F9A1-CF3C-41A3-AC45-1B616B55CE26}.Release|iPhone.ActiveCfg = Release|iPhone
		{D504F9A1-CF3C-41A3-AC45-1B616B55CE26}.Release|iPhone.Build.0 = Release|iPhone
		{506DED8A-8147-4821-A969-864E231D2F52}.Debug|Any CPU.ActiveCfg = Debug|Any CPU
		{506DED8A-8147-4821-A969-864E231D2F52}.Debug|Any CPU.Build.0 = Debug|Any CPU
		{506DED8A-8147-4821-A969-864E231D2F52}.Release|Any CPU.ActiveCfg = Release|Any CPU
		{506DED8A-8147-4821-A969-864E231D2F52}.Release|Any CPU.Build.0 = Release|Any CPU
		{506DED8A-8147-4821-A969-864E231D2F52}.Debug|iPhoneSimulator.ActiveCfg = Debug|Any CPU
		{506DED8A-8147-4821-A969-864E231D2F52}.Debug|iPhoneSimulator.Build.0 = Debug|Any CPU
		{506DED8A-8147-4821-A969-864E231D2F52}.Release|iPhoneSimulator.ActiveCfg = Release|Any CPU
		{506DED8A-8147-4821-A969-864E231D2F52}.Release|iPhoneSimulator.Build.0 = Release|Any CPU
		{506DED8A-8147-4821-A969-864E231D2F52}.Debug|iPhone.ActiveCfg = Debug|Any CPU
		{506DED8A-8147-4821-A969-864E231D2F52}.Debug|iPhone.Build.0 = Debug|Any CPU
		{506DED8A-8147-4821-A969-864E231D2F52}.Release|iPhone.ActiveCfg = Release|Any CPU
		{506DED8A-8147-4821-A969-864E231D2F52}.Release|iPhone.Build.0 = Release|Any CPU
	EndGlobalSection
	GlobalSection(SolutionProperties) = preSolution
		HideSolutionNode = FALSE
	EndGlobalSection
	GlobalSection(ExtensibilityGlobals) = postSolution
		SolutionGuid = {ED8BCE3F-6F26-4D62-B115-110A6EABF9DD}
	EndGlobalSection
EndGlobal
